
Microsoft Visual Studio Solution File, Format Version 12.00
# Visual Studio 15
Project("{FAE04EC0-301F-11D3-BF4B-00C04F79EFBC}") = "Assembly-CSharp", "Assembly-CSharp.csproj", "{488F88FD-BFBA-AA0A-E2A2-F684F483AEE2}"
EndProject
Project("{FAE04EC0-301F-11D3-BF4B-00C04F79EFBC}") = "Assembly-CSharp-Editor", "Assembly-CSharp-Editor.csproj", "{F165E0C8-2859-F28E-3A18-0E2B9906917E}"
EndProject
Global
	GlobalSection(SolutionConfigurationPlatforms) = preSolution
		Debug|Any CPU = Debug|Any CPU
		Release|Any CPU = Release|Any CPU
	EndGlobalSection
	GlobalSection(ProjectConfigurationPlatforms) = postSolution
		{488F88FD-BFBA-AA0A-E2A2-F684F483AEE2}.Debug|Any CPU.ActiveCfg = Debug|Any CPU
		{488F88FD-BFBA-AA0A-E2A2-F684F483AEE2}.Debug|Any CPU.Build.0 = Debug|Any CPU
		{488F88FD-BFBA-AA0A-E2A2-F684F483AEE2}.Release|Any CPU.ActiveCfg = Release|Any CPU
		{488F88FD-BFBA-AA0A-E2A2-F684F483AEE2}.Release|Any CPU.Build.0 = Release|Any CPU
		{F165E0C8-2859-F28E-3A18-0E2B9906917E}.Debug|Any CPU.ActiveCfg = Debug|Any CPU
		{F165E0C8-2859-F28E-3A18-0E2B9906917E}.Debug|Any CPU.Build.0 = Debug|Any CPU
		{F165E0C8-2859-F28E-3A18-0E2B9906917E}.Release|Any CPU.ActiveCfg = Release|Any CPU
		{F165E0C8-2859-F28E-3A18-0E2B9906917E}.Release|Any CPU.Build.0 = Release|Any CPU
	EndGlobalSection
	GlobalSection(SolutionProperties) = preSolution
		HideSolutionNode = FALSE
	EndGlobalSection
EndGlobal
